
Microsoft Visual Studio Solution File, Format Version 12.00
# Visual Studio Version 16
VisualStudioVersion = 16.0.30804.86
MinimumVisualStudioVersion = 10.0.40219.1
Project("{FAE04EC0-301F-11D3-BF4B-00C04F79EFBC}") = "PrjAdo.NetEg", "PrjAdo.NetEg\PrjAdo.NetEg.csproj", "{2606E3B0-8F3B-4E8E-A44E-0081A7FE2A2A}"
EndProject
Global
	GlobalSection(SolutionConfigurationPlatforms) = preSolution
		Debug|Any CPU = Debug|Any CPU
		Release|Any CPU = Release|Any CPU
	EndGlobalSection
	GlobalSection(ProjectConfigurationPlatforms) = postSolution
		{2606E3B0-8F3B-4E8E-A44E-0081A7FE2A2A}.Debug|Any CPU.ActiveCfg = Debug|Any CPU
		{2606E3B0-8F3B-4E8E-A44E-0081A7FE2A2A}.Debug|Any CPU.Build.0 = Debug|Any CPU
		{2606E3B0-8F3B-4E8E-A44E-0081A7FE2A2A}.Release|Any CPU.ActiveCfg = Release|Any CPU
		{2606E3B0-8F3B-4E8E-A44E-0081A7FE2A2A}.Release|Any CPU.Build.0 = Release|Any CPU
	EndGlobalSection
	GlobalSection(SolutionProperties) = preSolution
		HideSolutionNode = FALSE
	EndGlobalSection
	GlobalSection(ExtensibilityGlobals) = postSolution
		SolutionGuid = {F4C51B70-49A0-4435-8389-F9CA77ADCE37}
	EndGlobalSection
EndGlobal
